{
  "requires": true,
  "lockfileVersion": 1,
  "dependencies": {
    "area-data-zfn": {
      "version": "1.1.1",
      "resolved": "https://registry.npmjs.org/area-data-zfn/-/area-data-zfn-1.1.1.tgz",
      "integrity": "sha512-1KxjbCak2VKm0qbgo0URGIcJ6/WqvC1tiFaEUBzeec5diZhDtLPOB7eg96Gi3jnkYnnwGzmTwZpfF87qZWYx7w=="
    }
  }
}
